
Microsoft Visual Studio Solution File, Format Version 12.00
# Visual Studio 14
VisualStudioVersion = 14.0.25420.1
MinimumVisualStudioVersion = 10.0.40219.1
Project("{FAE04EC0-301F-11D3-BF4B-00C04F79EFBC}") = "assignment1", "assignment1\assignment1.csproj", "{DAD9426A-E3AD-4665-A158-085D50678541}"
EndProject
Global
	GlobalSection(SolutionConfigurationPlatforms) = preSolution
		Debug|Any CPU = Debug|Any CPU
		Release|Any CPU = Release|Any CPU
	EndGlobalSection
	GlobalSection(ProjectConfigurationPlatforms) = postSolution
		{DAD9426A-E3AD-4665-A158-085D50678541}.Debug|Any CPU.ActiveCfg = Debug|Any CPU
		{DAD9426A-E3AD-4665-A158-085D50678541}.Debug|Any CPU.Build.0 = Debug|Any CPU
		{DAD9426A-E3AD-4665-A158-085D50678541}.Release|Any CPU.ActiveCfg = Release|Any CPU
		{DAD9426A-E3AD-4665-A158-085D50678541}.Release|Any CPU.Build.0 = Release|Any CPU
	EndGlobalSection
	GlobalSection(SolutionProperties) = preSolution
		HideSolutionNode = FALSE
	EndGlobalSection
EndGlobal
